// !$*UTF8*$!
{
	archiveVersion = 1;
	classes = {
	};
	objectVersion = 47;
	objects = {

/* Begin PBXBuildFile section */
		36630D6E1B7294E000721414 /* ADTableViewCell.m in Sources */ = {isa = PBXBuildFile; fileRef = 36630D6D1B7294E000721414 /* ADTableViewCell.m */; };
		36630D751B7297F600721414 /* Model.xcdatamodeld in Sources */ = {isa = PBXBuildFile; fileRef = 36630D731B7297F600721414 /* Model.xcdatamodeld */; };
		36630D761B7297F600721414 /* Model.xcdatamodeld in Sources */ = {isa = PBXBuildFile; fileRef = 36630D731B7297F600721414 /* Model.xcdatamodeld */; };
		36630D7A1B7298DB00721414 /* ADPersistentStack.m in Sources */ = {isa = PBXBuildFile; fileRef = 36630D791B7298DB00721414 /* ADPersistentStack.m */; };
		36630D7B1B7298DB00721414 /* ADPersistentStack.m in Sources */ = {isa = PBXBuildFile; fileRef = 36630D791B7298DB00721414 /* ADPersistentStack.m */; };
		36630D7E1B7299B700721414 /* ADStore.m in Sources */ = {isa = PBXBuildFile; fileRef = 36630D7D1B7299B700721414 /* ADStore.m */; };
		36630D7F1B7299B700721414 /* ADStore.m in Sources */ = {isa = PBXBuildFile; fileRef = 36630D7D1B7299B700721414 /* ADStore.m */; };
		36630D821B729B6800721414 /* Service.m in Sources */ = {isa = PBXBuildFile; fileRef = 36630D811B729B6800721414 /* Service.m */; };
		36630D831B729B6800721414 /* Service.m in Sources */ = {isa = PBXBuildFile; fileRef = 36630D811B729B6800721414 /* Service.m */; };
		36644E2F1B711BA400B32E90 /* main.m in Sources */ = {isa = PBXBuildFile; fileRef = 36644E2E1B711BA400B32E90 /* main.m */; };
		36644E321B711BA400B32E90 /* AppDelegate.m in Sources */ = {isa = PBXBuildFile; fileRef = 36644E311B711BA400B32E90 /* AppDelegate.m */; };
		36644E351B711BA400B32E90 /* MasterViewController.m in Sources */ = {isa = PBXBuildFile; fileRef = 36644E341B711BA400B32E90 /* MasterViewController.m */; };
		36644E381B711BA400B32E90 /* DetailViewController.m in Sources */ = {isa = PBXBuildFile; fileRef = 36644E371B711BA400B32E90 /* DetailViewController.m */; };
		36644E3B1B711BA400B32E90 /* Main.storyboard in Resources */ = {isa = PBXBuildFile; fileRef = 36644E391B711BA400B32E90 /* Main.storyboard */; };
		36644E3D1B711BA400B32E90 /* Images.xcassets in Resources */ = {isa = PBXBuildFile; fileRef = 36644E3C1B711BA400B32E90 /* Images.xcassets */; };
		36644E401B711BA400B32E90 /* LaunchScreen.xib in Resources */ = {isa = PBXBuildFile; fileRef = 36644E3E1B711BA400B32E90 /* LaunchScreen.xib */; };
		36644E4C1B711BA500B32E90 /* CloudStorageTests.m in Sources */ = {isa = PBXBuildFile; fileRef = 36644E4B1B711BA500B32E90 /* CloudStorageTests.m */; };
		36644E581B711CB200B32E90 /* ADWebService.m in Sources */ = {isa = PBXBuildFile; fileRef = 36644E571B711CB200B32E90 /* ADWebService.m */; };
		36644E631B71261B00B32E90 /* ADDropboxWebServiceClient.m in Sources */ = {isa = PBXBuildFile; fileRef = 36644E621B71261B00B32E90 /* ADDropboxWebServiceClient.m */; };
		36644E641B71261B00B32E90 /* ADDropboxWebServiceClient.m in Sources */ = {isa = PBXBuildFile; fileRef = 36644E621B71261B00B32E90 /* ADDropboxWebServiceClient.m */; };
		36644E681B712AF000B32E90 /* ADUtilities.m in Sources */ = {isa = PBXBuildFile; fileRef = 36644E671B712AF000B32E90 /* ADUtilities.m */; };
		36644E691B712AF000B32E90 /* ADUtilities.m in Sources */ = {isa = PBXBuildFile; fileRef = 36644E671B712AF000B32E90 /* ADUtilities.m */; };
		629B5CEF1B71B2C500D5946B /* Secrets.plist in Resources */ = {isa = PBXBuildFile; fileRef = 629B5CEE1B71B2C500D5946B /* Secrets.plist */; };
		629B5CF01B71B2C500D5946B /* Secrets.plist in Resources */ = {isa = PBXBuildFile; fileRef = 629B5CEE1B71B2C500D5946B /* Secrets.plist */; };
/* End PBXBuildFile section */

/* Begin PBXContainerItemProxy section */
		36644E461B711BA500B32E90 /* PBXContainerItemProxy */ = {
			isa = PBXContainerItemProxy;
			containerPortal = 36644E211B711BA400B32E90 /* Project object */;
			proxyType = 1;
			remoteGlobalIDString = 36644E281B711BA400B32E90;
			remoteInfo = CloudStorage;
		};
/* End PBXContainerItemProxy section */

/* Begin PBXFileReference section */
		36630D6C1B7294E000721414 /* ADTableViewCell.h */ = {isa = PBXFileReference; fileEncoding = 4; lastKnownFileType = sourcecode.c.h; path = ADTableViewCell.h; sourceTree = "<group>"; };
		36630D6D1B7294E000721414 /* ADTableViewCell.m */ = {isa = PBXFileReference; fileEncoding = 4; lastKnownFileType = sourcecode.c.objc; path = ADTableViewCell.m; sourceTree = "<group>"; };
		36630D741B7297F600721414 /* Model.xcdatamodel */ = {isa = PBXFileReference; lastKnownFileType = wrapper.xcdatamodel; path = Model.xcdatamodel; sourceTree = "<group>"; };
		36630D781B7298DB00721414 /* ADPersistentStack.h */ = {isa = PBXFileReference; fileEncoding = 4; lastKnownFileType = sourcecode.c.h; path = ADPersistentStack.h; sourceTree = "<group>"; };
		36630D791B7298DB00721414 /* ADPersistentStack.m */ = {isa = PBXFileReference; fileEncoding = 4; lastKnownFileType = sourcecode.c.objc; path = ADPersistentStack.m; sourceTree = "<group>"; };
		36630D7C1B7299B700721414 /* ADStore.h */ = {isa = PBXFileReference; fileEncoding = 4; lastKnownFileType = sourcecode.c.h; path = ADStore.h; sourceTree = "<group>"; };
		36630D7D1B7299B700721414 /* ADStore.m */ = {isa = PBXFileReference; fileEncoding = 4; lastKnownFileType = sourcecode.c.objc; path = ADStore.m; sourceTree = "<group>"; };
		36630D801B729B6800721414 /* Service.h */ = {isa = PBXFileReference; fileEncoding = 4; lastKnownFileType = sourcecode.c.h; path = Service.h; sourceTree = "<group>"; };
		36630D811B729B6800721414 /* Service.m */ = {isa = PBXFileReference; fileEncoding = 4; lastKnownFileType = sourcecode.c.objc; path = Service.m; sourceTree = "<group>"; };
		36644E291B711BA400B32E90 /* CloudStorage.app */ = {isa = PBXFileReference; explicitFileType = wrapper.application; includeInIndex = 0; path = CloudStorage.app; sourceTree = BUILT_PRODUCTS_DIR; };
		36644E2D1B711BA400B32E90 /* Info.plist */ = {isa = PBXFileReference; lastKnownFileType = text.plist.xml; path = Info.plist; sourceTree = "<group>"; };
		36644E2E1B711BA400B32E90 /* main.m */ = {isa = PBXFileReference; lastKnownFileType = sourcecode.c.objc; path = main.m; sourceTree = "<group>"; };
		36644E301B711BA400B32E90 /* AppDelegate.h */ = {isa = PBXFileReference; lastKnownFileType = sourcecode.c.h; path = AppDelegate.h; sourceTree = "<group>"; };
		36644E311B711BA400B32E90 /* AppDelegate.m */ = {isa = PBXFileReference; lastKnownFileType = sourcecode.c.objc; path = AppDelegate.m; sourceTree = "<group>"; };
		36644E331B711BA400B32E90 /* MasterViewController.h */ = {isa = PBXFileReference; lastKnownFileType = sourcecode.c.h; path = MasterViewController.h; sourceTree = "<group>"; };
		36644E341B711BA400B32E90 /* MasterViewController.m */ = {isa = PBXFileReference; lastKnownFileType = sourcecode.c.objc; path = MasterViewController.m; sourceTree = "<group>"; };
		36644E361B711BA400B32E90 /* DetailViewController.h */ = {isa = PBXFileReference; lastKnownFileType = sourcecode.c.h; path = DetailViewController.h; sourceTree = "<group>"; };
		36644E371B711BA400B32E90 /* DetailViewController.m */ = {isa = PBXFileReference; lastKnownFileType = sourcecode.c.objc; path = DetailViewController.m; sourceTree = "<group>"; };
		36644E3A1B711BA400B32E90 /* Base */ = {isa = PBXFileReference; lastKnownFileType = file.storyboard; name = Base; path = Base.lproj/Main.storyboard; sourceTree = "<group>"; };
		36644E3C1B711BA400B32E90 /* Images.xcassets */ = {isa = PBXFileReference; lastKnownFileType = folder.assetcatalog; path = Images.xcassets; sourceTree = "<group>"; };
		36644E3F1B711BA400B32E90 /* Base */ = {isa = PBXFileReference; lastKnownFileType = file.xib; name = Base; path = Base.lproj/LaunchScreen.xib; sourceTree = "<group>"; };
		36644E451B711BA500B32E90 /* CloudStorageTests.xctest */ = {isa = PBXFileReference; explicitFileType = wrapper.cfbundle; includeInIndex = 0; path = CloudStorageTests.xctest; sourceTree = BUILT_PRODUCTS_DIR; };
		36644E4A1B711BA500B32E90 /* Info.plist */ = {isa = PBXFileReference; lastKnownFileType = text.plist.xml; path = Info.plist; sourceTree = "<group>"; };
		36644E4B1B711BA500B32E90 /* CloudStorageTests.m */ = {isa = PBXFileReference; lastKnownFileType = sourcecode.c.objc; path = CloudStorageTests.m; sourceTree = "<group>"; };
		36644E561B711CB200B32E90 /* ADWebService.h */ = {isa = PBXFileReference; fileEncoding = 4; lastKnownFileType = sourcecode.c.h; path = ADWebService.h; sourceTree = "<group>"; };
		36644E571B711CB200B32E90 /* ADWebService.m */ = {isa = PBXFileReference; fileEncoding = 4; lastKnownFileType = sourcecode.c.objc; path = ADWebService.m; sourceTree = "<group>"; };
		36644E611B71261B00B32E90 /* ADDropboxWebServiceClient.h */ = {isa = PBXFileReference; fileEncoding = 4; lastKnownFileType = sourcecode.c.h; path = ADDropboxWebServiceClient.h; sourceTree = "<group>"; };
		36644E621B71261B00B32E90 /* ADDropboxWebServiceClient.m */ = {isa = PBXFileReference; fileEncoding = 4; lastKnownFileType = sourcecode.c.objc; path = ADDropboxWebServiceClient.m; sourceTree = "<group>"; };
		36644E661B712AF000B32E90 /* ADUtilities.h */ = {isa = PBXFileReference; fileEncoding = 4; lastKnownFileType = sourcecode.c.h; path = ADUtilities.h; sourceTree = "<group>"; };
		36644E671B712AF000B32E90 /* ADUtilities.m */ = {isa = PBXFileReference; fileEncoding = 4; lastKnownFileType = sourcecode.c.objc; path = ADUtilities.m; sourceTree = "<group>"; };
		629B5CEE1B71B2C500D5946B /* Secrets.plist */ = {isa = PBXFileReference; fileEncoding = 4; lastKnownFileType = text.plist.xml; path = Secrets.plist; sourceTree = "<group>"; };
/* End PBXFileReference section */

/* Begin PBXFrameworksBuildPhase section */
		36644E261B711BA400B32E90 /* Frameworks */ = {
			isa = PBXFrameworksBuildPhase;
			buildActionMask = 2147483647;
			files = (
			);
			runOnlyForDeploymentPostprocessing = 0;
		};
		36644E421B711BA500B32E90 /* Frameworks */ = {
			isa = PBXFrameworksBuildPhase;
			buildActionMask = 2147483647;
			files = (
			);
			runOnlyForDeploymentPostprocessing = 0;
		};
/* End PBXFrameworksBuildPhase section */

/* Begin PBXGroup section */
		36630D6B1B7294C700721414 /* View controllers */ = {
			isa = PBXGroup;
			children = (
				36644E331B711BA400B32E90 /* MasterViewController.h */,
				36644E341B711BA400B32E90 /* MasterViewController.m */,
				36644E361B711BA400B32E90 /* DetailViewController.h */,
				36644E371B711BA400B32E90 /* DetailViewController.m */,
				36630D6C1B7294E000721414 /* ADTableViewCell.h */,
				36630D6D1B7294E000721414 /* ADTableViewCell.m */,
			);
			name = "View controllers";
			sourceTree = "<group>";
		};
		36630D771B7298A500721414 /* Persistence */ = {
			isa = PBXGroup;
			children = (
				36630D731B7297F600721414 /* Model.xcdatamodeld */,
				36630D781B7298DB00721414 /* ADPersistentStack.h */,
				36630D791B7298DB00721414 /* ADPersistentStack.m */,
				36630D7C1B7299B700721414 /* ADStore.h */,
				36630D7D1B7299B700721414 /* ADStore.m */,
				36630D801B729B6800721414 /* Service.h */,
				36630D811B729B6800721414 /* Service.m */,
			);
			name = Persistence;
			sourceTree = "<group>";
		};
		36644E201B711BA400B32E90 = {
			isa = PBXGroup;
			children = (
				36644E2B1B711BA400B32E90 /* CloudStorage */,
				36644E481B711BA500B32E90 /* CloudStorageTests */,
				36644E2A1B711BA400B32E90 /* Products */,
			);
			indentWidth = 2;
			sourceTree = "<group>";
			tabWidth = 2;
		};
		36644E2A1B711BA400B32E90 /* Products */ = {
			isa = PBXGroup;
			children = (
				36644E291B711BA400B32E90 /* CloudStorage.app */,
				36644E451B711BA500B32E90 /* CloudStorageTests.xctest */,
			);
			name = Products;
			sourceTree = "<group>";
		};
		36644E2B1B711BA400B32E90 /* CloudStorage */ = {
			isa = PBXGroup;
			children = (
				36630D771B7298A500721414 /* Persistence */,
				36630D6B1B7294C700721414 /* View controllers */,
				36644E651B712ADC00B32E90 /* Utilities */,
				36644E551B711BFA00B32E90 /* Networking */,
				36644E301B711BA400B32E90 /* AppDelegate.h */,
				36644E311B711BA400B32E90 /* AppDelegate.m */,
				36644E391B711BA400B32E90 /* Main.storyboard */,
				36644E3C1B711BA400B32E90 /* Images.xcassets */,
				36644E3E1B711BA400B32E90 /* LaunchScreen.xib */,
				629B5CEE1B71B2C500D5946B /* Secrets.plist */,
				36644E2C1B711BA400B32E90 /* Supporting Files */,
			);
			path = CloudStorage;
			sourceTree = "<group>";
		};
		36644E2C1B711BA400B32E90 /* Supporting Files */ = {
			isa = PBXGroup;
			children = (
				36644E2D1B711BA400B32E90 /* Info.plist */,
				36644E2E1B711BA400B32E90 /* main.m */,
			);
			name = "Supporting Files";
			sourceTree = "<group>";
		};
		36644E481B711BA500B32E90 /* CloudStorageTests */ = {
			isa = PBXGroup;
			children = (
				36644E4B1B711BA500B32E90 /* CloudStorageTests.m */,
				36644E491B711BA500B32E90 /* Supporting Files */,
			);
			path = CloudStorageTests;
			sourceTree = "<group>";
		};
		36644E491B711BA500B32E90 /* Supporting Files */ = {
			isa = PBXGroup;
			children = (
				36644E4A1B711BA500B32E90 /* Info.plist */,
			);
			name = "Supporting Files";
			sourceTree = "<group>";
		};
		36644E551B711BFA00B32E90 /* Networking */ = {
			isa = PBXGroup;
			children = (
				36644E561B711CB200B32E90 /* ADWebService.h */,
				36644E571B711CB200B32E90 /* ADWebService.m */,
				36644E611B71261B00B32E90 /* ADDropboxWebServiceClient.h */,
				36644E621B71261B00B32E90 /* ADDropboxWebServiceClient.m */,
			);
			name = Networking;
			sourceTree = "<group>";
		};
		36644E651B712ADC00B32E90 /* Utilities */ = {
			isa = PBXGroup;
			children = (
				36644E661B712AF000B32E90 /* ADUtilities.h */,
				36644E671B712AF000B32E90 /* ADUtilities.m */,
			);
			name = Utilities;
			sourceTree = "<group>";
		};
/* End PBXGroup section */

/* Begin PBXNativeTarget section */
		36644E281B711BA400B32E90 /* CloudStorage */ = {
			isa = PBXNativeTarget;
			buildConfigurationList = 36644E4F1B711BA500B32E90 /* Build configuration list for PBXNativeTarget "CloudStorage" */;
			buildPhases = (
				36644E251B711BA400B32E90 /* Sources */,
				36644E261B711BA400B32E90 /* Frameworks */,
				36644E271B711BA400B32E90 /* Resources */,
			);
			buildRules = (
			);
			dependencies = (
			);
			name = CloudStorage;
			productName = CloudStorage;
			productReference = 36644E291B711BA400B32E90 /* CloudStorage.app */;
			productType = "com.apple.product-type.application";
		};
		36644E441B711BA500B32E90 /* CloudStorageTests */ = {
			isa = PBXNativeTarget;
			buildConfigurationList = 36644E521B711BA500B32E90 /* Build configuration list for PBXNativeTarget "CloudStorageTests" */;
			buildPhases = (
				36644E411B711BA500B32E90 /* Sources */,
				36644E421B711BA500B32E90 /* Frameworks */,
				36644E431B711BA500B32E90 /* Resources */,
			);
			buildRules = (
			);
			dependencies = (
				36644E471B711BA500B32E90 /* PBXTargetDependency */,
			);
			name = CloudStorageTests;
			productName = CloudStorageTests;
			productReference = 36644E451B711BA500B32E90 /* CloudStorageTests.xctest */;
			productType = "com.apple.product-type.bundle.unit-test";
		};
/* End PBXNativeTarget section */

/* Begin PBXProject section */
		36644E211B711BA400B32E90 /* Project object */ = {
			isa = PBXProject;
			attributes = {
				CLASSPREFIX = AD;
				LastUpgradeCheck = 0640;
				ORGANIZATIONNAME = "Alexis Digital";
				TargetAttributes = {
					36644E281B711BA400B32E90 = {
						CreatedOnToolsVersion = 6.4;
					};
					36644E441B711BA500B32E90 = {
						CreatedOnToolsVersion = 6.4;
						TestTargetID = 36644E281B711BA400B32E90;
					};
				};
			};
			buildConfigurationList = 36644E241B711BA400B32E90 /* Build configuration list for PBXProject "CloudStorage" */;
			compatibilityVersion = "Xcode 6.3";
			developmentRegion = English;
			hasScannedForEncodings = 0;
			knownRegions = (
				en,
				Base,
			);
			mainGroup = 36644E201B711BA400B32E90;
			productRefGroup = 36644E2A1B711BA400B32E90 /* Products */;
			projectDirPath = "";
			projectRoot = "";
			targets = (
				36644E281B711BA400B32E90 /* CloudStorage */,
				36644E441B711BA500B32E90 /* CloudStorageTests */,
			);
		};
/* End PBXProject section */

/* Begin PBXResourcesBuildPhase section */
		36644E271B711BA400B32E90 /* Resources */ = {
			isa = PBXResourcesBuildPhase;
			buildActionMask = 2147483647;
			files = (
				36644E3B1B711BA400B32E90 /* Main.storyboard in Resources */,
				36644E401B711BA400B32E90 /* LaunchScreen.xib in Resources */,
				629B5CEF1B71B2C500D5946B /* Secrets.plist in Resources */,
				36644E3D1B711BA400B32E90 /* Images.xcassets in Resources */,
			);
			runOnlyForDeploymentPostprocessing = 0;
		};
		36644E431B711BA500B32E90 /* Resources */ = {
			isa = PBXResourcesBuildPhase;
			buildActionMask = 2147483647;
			files = (
				629B5CF01B71B2C500D5946B /* Secrets.plist in Resources */,
			);
			runOnlyForDeploymentPostprocessing = 0;
		};
/* End PBXResourcesBuildPhase section */

/* Begin PBXSourcesBuildPhase section */
		36644E251B711BA400B32E90 /* Sources */ = {
			isa = PBXSourcesBuildPhase;
			buildActionMask = 2147483647;
			files = (
				36630D7A1B7298DB00721414 /* ADPersistentStack.m in Sources */,
				36644E321B711BA400B32E90 /* AppDelegate.m in Sources */,
				36644E681B712AF000B32E90 /* ADUtilities.m in Sources */,
				36644E631B71261B00B32E90 /* ADDropboxWebServiceClient.m in Sources */,
				36644E351B711BA400B32E90 /* MasterViewController.m in Sources */,
				36630D821B729B6800721414 /* Service.m in Sources */,
				36630D6E1B7294E000721414 /* ADTableViewCell.m in Sources */,
				36630D751B7297F600721414 /* Model.xcdatamodeld in Sources */,
				36644E581B711CB200B32E90 /* ADWebService.m in Sources */,
				36630D7E1B7299B700721414 /* ADStore.m in Sources */,
				36644E2F1B711BA400B32E90 /* main.m in Sources */,
				36644E381B711BA400B32E90 /* DetailViewController.m in Sources */,
			);
			runOnlyForDeploymentPostprocessing = 0;
		};
		36644E411B711BA500B32E90 /* Sources */ = {
			isa = PBXSourcesBuildPhase;
			buildActionMask = 2147483647;
			files = (
				36630D7B1B7298DB00721414 /* ADPersistentStack.m in Sources */,
				36644E691B712AF000B32E90 /* ADUtilities.m in Sources */,
				36644E4C1B711BA500B32E90 /* CloudStorageTests.m in Sources */,
				36644E641B71261B00B32E90 /* ADDropboxWebServiceClient.m in Sources */,
				36630D7F1B7299B700721414 /* ADStore.m in Sources */,
				36630D831B729B6800721414 /* Service.m in Sources */,
				36630D761B7297F600721414 /* Model.xcdatamodeld in Sources */,
			);
			runOnlyForDeploymentPostprocessing = 0;
		};
/* End PBXSourcesBuildPhase section */

/* Begin PBXTargetDependency section */
		36644E471B711BA500B32E90 /* PBXTargetDependency */ = {
			isa = PBXTargetDependency;
			target = 36644E281B711BA400B32E90 /* CloudStorage */;
			targetProxy = 36644E461B711BA500B32E90 /* PBXContainerItemProxy */;
		};
/* End PBXTargetDependency section */

/* Begin PBXVariantGroup section */
		36644E391B711BA400B32E90 /* Main.storyboard */ = {
			isa = PBXVariantGroup;
			children = (
				36644E3A1B711BA400B32E90 /* Base */,
			);
			name = Main.storyboard;
			sourceTree = "<group>";
		};
		36644E3E1B711BA400B32E90 /* LaunchScreen.xib */ = {
			isa = PBXVariantGroup;
			children = (
				36644E3F1B711BA400B32E90 /* Base */,
			);
			name = LaunchScreen.xib;
			sourceTree = "<group>";
		};
/* End PBXVariantGroup section */

/* Begin XCBuildConfiguration section */
		36644E4D1B711BA500B32E90 /* Debug */ = {
			isa = XCBuildConfiguration;
			buildSettings = {
				ALWAYS_SEARCH_USER_PATHS = NO;
				CLANG_ANALYZER_SECURITY_FLOATLOOPCOUNTER = YES;
				CLANG_ANALYZER_SECURITY_INSECUREAPI_RAND = YES;
				CLANG_ANALYZER_SECURITY_INSECUREAPI_STRCPY = YES;
				CLANG_CXX_LANGUAGE_STANDARD = "gnu++0x";
				CLANG_CXX_LIBRARY = "libc++";
				CLANG_ENABLE_MODULES = YES;
				CLANG_ENABLE_OBJC_ARC = YES;
				CLANG_WARN_ASSIGN_ENUM = YES;
				CLANG_WARN_BOOL_CONVERSION = YES;
				CLANG_WARN_CONSTANT_CONVERSION = YES;
				CLANG_WARN_DEPRECATED_OBJC_IMPLEMENTATIONS = YES;
				CLANG_WARN_DIRECT_OBJC_ISA_USAGE = YES_ERROR;
				CLANG_WARN_DOCUMENTATION_COMMENTS = YES;
				CLANG_WARN_EMPTY_BODY = YES;
				CLANG_WARN_ENUM_CONVERSION = YES;
				CLANG_WARN_IMPLICIT_SIGN_CONVERSION = YES;
				CLANG_WARN_INT_CONVERSION = YES;
				CLANG_WARN_OBJC_EXPLICIT_OWNERSHIP_TYPE = YES;
				CLANG_WARN_OBJC_IMPLICIT_ATOMIC_PROPERTIES = YES;
				CLANG_WARN_OBJC_IMPLICIT_RETAIN_SELF = YES;
				CLANG_WARN_OBJC_MISSING_PROPERTY_SYNTHESIS = NO;
				CLANG_WARN_OBJC_ROOT_CLASS = YES_ERROR;
				CLANG_WARN_SUSPICIOUS_IMPLICIT_CONVERSION = YES;
				CLANG_WARN_UNREACHABLE_CODE = YES;
				CLANG_WARN__DUPLICATE_METHOD_MATCH = YES;
				"CODE_SIGN_IDENTITY[sdk=iphoneos*]" = "iPhone Developer";
				COPY_PHASE_STRIP = NO;
				DEBUG_INFORMATION_FORMAT = "dwarf-with-dsym";
				ENABLE_STRICT_OBJC_MSGSEND = YES;
				GCC_C_LANGUAGE_STANDARD = gnu99;
				GCC_DYNAMIC_NO_PIC = NO;
				GCC_NO_COMMON_BLOCKS = YES;
				GCC_OPTIMIZATION_LEVEL = 0;
				GCC_PREPROCESSOR_DEFINITIONS = (
					"DEBUG=1",
					"$(inherited)",
				);
				GCC_SYMBOLS_PRIVATE_EXTERN = NO;
				GCC_TREAT_IMPLICIT_FUNCTION_DECLARATIONS_AS_ERRORS = YES;
				GCC_TREAT_INCOMPATIBLE_POINTER_TYPE_WARNINGS_AS_ERRORS = YES;
				GCC_TREAT_WARNINGS_AS_ERRORS = YES;
				GCC_WARN_64_TO_32_BIT_CONVERSION = YES;
				GCC_WARN_ABOUT_MISSING_FIELD_INITIALIZERS = YES;
				GCC_WARN_ABOUT_MISSING_NEWLINE = YES;
				GCC_WARN_ABOUT_MISSING_PROTOTYPES = YES;
				GCC_WARN_ABOUT_RETURN_TYPE = YES_ERROR;
				GCC_WARN_FOUR_CHARACTER_CONSTANTS = YES;
				GCC_WARN_INITIALIZER_NOT_FULLY_BRACKETED = YES;
				GCC_WARN_MULTIPLE_DEFINITION_TYPES_FOR_SELECTOR = YES;
				GCC_WARN_PEDANTIC = YES;
				GCC_WARN_SHADOW = YES;
				GCC_WARN_SIGN_COMPARE = YES;
				GCC_WARN_STRICT_SELECTOR_MATCH = YES;
				GCC_WARN_UNDECLARED_SELECTOR = YES;
				GCC_WARN_UNINITIALIZED_AUTOS = YES_AGGRESSIVE;
				GCC_WARN_UNKNOWN_PRAGMAS = YES;
				GCC_WARN_UNUSED_FUNCTION = YES;
				GCC_WARN_UNUSED_LABEL = YES;
				GCC_WARN_UNUSED_PARAMETER = YES;
				GCC_WARN_UNUSED_VARIABLE = YES;
				IPHONEOS_DEPLOYMENT_TARGET = 8.4;
				MOMC_NO_INVERSE_RELATIONSHIP_WARNINGS = NO;
				MTL_ENABLE_DEBUG_INFO = YES;
				ONLY_ACTIVE_ARCH = YES;
				SDKROOT = iphoneos;
			};
			name = Debug;
		};
		36644E4E1B711BA500B32E90 /* Release */ = {
			isa = XCBuildConfiguration;
			buildSettings = {
				ALWAYS_SEARCH_USER_PATHS = NO;
				CLANG_ANALYZER_SECURITY_FLOATLOOPCOUNTER = YES;
				CLANG_ANALYZER_SECURITY_INSECUREAPI_RAND = YES;
				CLANG_ANALYZER_SECURITY_INSECUREAPI_STRCPY = YES;
				CLANG_CXX_LANGUAGE_STANDARD = "gnu++0x";
				CLANG_CXX_LIBRARY = "libc++";
				CLANG_ENABLE_MODULES = YES;
				CLANG_ENABLE_OBJC_ARC = YES;
				CLANG_WARN_ASSIGN_ENUM = YES;
				CLANG_WARN_BOOL_CONVERSION = YES;
				CLANG_WARN_CONSTANT_CONVERSION = YES;
				CLANG_WARN_DEPRECATED_OBJC_IMPLEMENTATIONS = YES;
				CLANG_WARN_DIRECT_OBJC_ISA_USAGE = YES_ERROR;
				CLANG_WARN_DOCUMENTATION_COMMENTS = YES;
				CLANG_WARN_EMPTY_BODY = YES;
				CLANG_WARN_ENUM_CONVERSION = YES;
				CLANG_WARN_IMPLICIT_SIGN_CONVERSION = YES;
				CLANG_WARN_INT_CONVERSION = YES;
				CLANG_WARN_OBJC_EXPLICIT_OWNERSHIP_TYPE = YES;
				CLANG_WARN_OBJC_IMPLICIT_ATOMIC_PROPERTIES = YES;
				CLANG_WARN_OBJC_IMPLICIT_RETAIN_SELF = YES;
				CLANG_WARN_OBJC_MISSING_PROPERTY_SYNTHESIS = NO;
				CLANG_WARN_OBJC_ROOT_CLASS = YES_ERROR;
				CLANG_WARN_SUSPICIOUS_IMPLICIT_CONVERSION = YES;
				CLANG_WARN_UNREACHABLE_CODE = YES;
				CLANG_WARN__DUPLICATE_METHOD_MATCH = YES;
				"CODE_SIGN_IDENTITY[sdk=iphoneos*]" = "iPhone Developer";
				COPY_PHASE_STRIP = NO;
				DEBUG_INFORMATION_FORMAT = "dwarf-with-dsym";
				ENABLE_NS_ASSERTIONS = NO;
				ENABLE_STRICT_OBJC_MSGSEND = YES;
				GCC_C_LANGUAGE_STANDARD = gnu99;
				GCC_NO_COMMON_BLOCKS = YES;
				GCC_TREAT_IMPLICIT_FUNCTION_DECLARATIONS_AS_ERRORS = YES;
				GCC_TREAT_INCOMPATIBLE_POINTER_TYPE_WARNINGS_AS_ERRORS = YES;
				GCC_TREAT_WARNINGS_AS_ERRORS = YES;
				GCC_WARN_64_TO_32_BIT_CONVERSION = YES;
				GCC_WARN_ABOUT_MISSING_FIELD_INITIALIZERS = YES;
				GCC_WARN_ABOUT_MISSING_NEWLINE = YES;
				GCC_WARN_ABOUT_MISSING_PROTOTYPES = YES;
				GCC_WARN_ABOUT_RETURN_TYPE = YES_ERROR;
				GCC_WARN_FOUR_CHARACTER_CONSTANTS = YES;
				GCC_WARN_INITIALIZER_NOT_FULLY_BRACKETED = YES;
				GCC_WARN_MULTIPLE_DEFINITION_TYPES_FOR_SELECTOR = YES;
				GCC_WARN_PEDANTIC = YES;
				GCC_WARN_SHADOW = YES;
				GCC_WARN_SIGN_COMPARE = YES;
				GCC_WARN_STRICT_SELECTOR_MATCH = YES;
				GCC_WARN_UNDECLARED_SELECTOR = YES;
				GCC_WARN_UNINITIALIZED_AUTOS = YES_AGGRESSIVE;
				GCC_WARN_UNKNOWN_PRAGMAS = YES;
				GCC_WARN_UNUSED_FUNCTION = YES;
				GCC_WARN_UNUSED_LABEL = YES;
				GCC_WARN_UNUSED_PARAMETER = YES;
				GCC_WARN_UNUSED_VARIABLE = YES;
				IPHONEOS_DEPLOYMENT_TARGET = 8.4;
				MOMC_NO_INVERSE_RELATIONSHIP_WARNINGS = NO;
				MTL_ENABLE_DEBUG_INFO = NO;
				SDKROOT = iphoneos;
				VALIDATE_PRODUCT = YES;
			};
			name = Release;
		};
		36644E501B711BA500B32E90 /* Debug */ = {
			isa = XCBuildConfiguration;
			buildSettings = {
				ASSETCATALOG_COMPILER_APPICON_NAME = AppIcon;
				INFOPLIST_FILE = CloudStorage/Info.plist;
				IPHONEOS_DEPLOYMENT_TARGET = 8.4;
				LD_RUNPATH_SEARCH_PATHS = "$(inherited) @executable_path/Frameworks";
				PRODUCT_NAME = "$(TARGET_NAME)";
			};
			name = Debug;
		};
		36644E511B711BA500B32E90 /* Release */ = {
			isa = XCBuildConfiguration;
			buildSettings = {
				ASSETCATALOG_COMPILER_APPICON_NAME = AppIcon;
				INFOPLIST_FILE = CloudStorage/Info.plist;
				IPHONEOS_DEPLOYMENT_TARGET = 8.4;
				LD_RUNPATH_SEARCH_PATHS = "$(inherited) @executable_path/Frameworks";
				PRODUCT_NAME = "$(TARGET_NAME)";
			};
			name = Release;
		};
		36644E531B711BA500B32E90 /* Debug */ = {
			isa = XCBuildConfiguration;
			buildSettings = {
				BUNDLE_LOADER = "$(TEST_HOST)";
				FRAMEWORK_SEARCH_PATHS = (
					"$(SDKROOT)/Developer/Library/Frameworks",
					"$(inherited)",
				);
				GCC_PREPROCESSOR_DEFINITIONS = (
					"DEBUG=1",
					"$(inherited)",
				);
				INFOPLIST_FILE = CloudStorageTests/Info.plist;
				LD_RUNPATH_SEARCH_PATHS = "$(inherited) @executable_path/Frameworks @loader_path/Frameworks";
				PRODUCT_NAME = "$(TARGET_NAME)";
				TEST_HOST = "$(BUILT_PRODUCTS_DIR)/CloudStorage.app/CloudStorage";
			};
			name = Debug;
		};
		36644E541B711BA500B32E90 /* Release */ = {
			isa = XCBuildConfiguration;
			buildSettings = {
				BUNDLE_LOADER = "$(TEST_HOST)";
				FRAMEWORK_SEARCH_PATHS = (
					"$(SDKROOT)/Developer/Library/Frameworks",
					"$(inherited)",
				);
				INFOPLIST_FILE = CloudStorageTests/Info.plist;
				LD_RUNPATH_SEARCH_PATHS = "$(inherited) @executable_path/Frameworks @loader_path/Frameworks";
				PRODUCT_NAME = "$(TARGET_NAME)";
				TEST_HOST = "$(BUILT_PRODUCTS_DIR)/CloudStorage.app/CloudStorage";
			};
			name = Release;
		};
/* End XCBuildConfiguration section */

/* Begin XCConfigurationList section */
		36644E241B711BA400B32E90 /* Build configuration list for PBXProject "CloudStorage" */ = {
			isa = XCConfigurationList;
			buildConfigurations = (
				36644E4D1B711BA500B32E90 /* Debug */,
				36644E4E1B711BA500B32E90 /* Release */,
			);
			defaultConfigurationIsVisible = 0;
			defaultConfigurationName = Release;
		};
		36644E4F1B711BA500B32E90 /* Build configuration list for PBXNativeTarget "CloudStorage" */ = {
			isa = XCConfigurationList;
			buildConfigurations = (
				36644E501B711BA500B32E90 /* Debug */,
				36644E511B711BA500B32E90 /* Release */,
			);
			defaultConfigurationIsVisible = 0;
			defaultConfigurationName = Release;
		};
		36644E521B711BA500B32E90 /* Build configuration list for PBXNativeTarget "CloudStorageTests" */ = {
			isa = XCConfigurationList;
			buildConfigurations = (
				36644E531B711BA500B32E90 /* Debug */,
				36644E541B711BA500B32E90 /* Release */,
			);
			defaultConfigurationIsVisible = 0;
			defaultConfigurationName = Release;
		};
/* End XCConfigurationList section */

/* Begin XCVersionGroup section */
		36630D731B7297F600721414 /* Model.xcdatamodeld */ = {
			isa = XCVersionGroup;
			children = (
				36630D741B7297F600721414 /* Model.xcdatamodel */,
			);
			currentVersion = 36630D741B7297F600721414 /* Model.xcdatamodel */;
			path = Model.xcdatamodeld;
			sourceTree = "<group>";
			versionGroupType = wrapper.xcdatamodel;
		};
/* End XCVersionGroup section */
	};
	rootObject = 36644E211B711BA400B32E90 /* Project object */;
}
